
Microsoft Visual Studio Solution File, Format Version 12.00
# Visual Studio Version 16
VisualStudioVersion = 16.0.808.5
MinimumVisualStudioVersion = 10.0.40219.1
Project("{FAE04EC0-301F-11D3-BF4B-00C04F79EFBC}") = "ContactManagement", "ContactManagement\ContactManagement.csproj", "{587A8CE2-7BDD-48DA-9F31-75E2AF084D11}"
EndProject
Global
	GlobalSection(SolutionConfigurationPlatforms) = preSolution
		Debug|Any CPU = Debug|Any CPU
		Release|Any CPU = Release|Any CPU
	EndGlobalSection
	GlobalSection(ProjectConfigurationPlatforms) = postSolution
		{587A8CE2-7BDD-48DA-9F31-75E2AF084D11}.Debug|Any CPU.ActiveCfg = Debug|Any CPU
		{587A8CE2-7BDD-48DA-9F31-75E2AF084D11}.Debug|Any CPU.Build.0 = Debug|Any CPU
		{587A8CE2-7BDD-48DA-9F31-75E2AF084D11}.Release|Any CPU.ActiveCfg = Release|Any CPU
		{587A8CE2-7BDD-48DA-9F31-75E2AF084D11}.Release|Any CPU.Build.0 = Release|Any CPU
	EndGlobalSection
	GlobalSection(SolutionProperties) = preSolution
		HideSolutionNode = FALSE
	EndGlobalSection
	GlobalSection(ExtensibilityGlobals) = postSolution
		SolutionGuid = {AF1665F7-2775-4A04-84E7-3666725AC49C}
	EndGlobalSection
EndGlobal
